
Microsoft Visual Studio Solution File, Format Version 12.00
# Visual Studio Version 17
VisualStudioVersion = 17.14.36518.9 d17.14
MinimumVisualStudioVersion = 10.0.40219.1
Project("{FAE04EC0-301F-11D3-BF4B-00C04F79EFBC}") = "LabSerialization", "LabSerialization.csproj", "{08CA722F-98B3-4364-98A9-7D30BD7230FF}"
EndProject
Global
	GlobalSection(SolutionConfigurationPlatforms) = preSolution
		Debug|Any CPU = Debug|Any CPU
		Release|Any CPU = Release|Any CPU
	EndGlobalSection
	GlobalSection(ProjectConfigurationPlatforms) = postSolution
		{08CA722F-98B3-4364-98A9-7D30BD7230FF}.Debug|Any CPU.ActiveCfg = Debug|Any CPU
		{08CA722F-98B3-4364-98A9-7D30BD7230FF}.Debug|Any CPU.Build.0 = Debug|Any CPU
		{08CA722F-98B3-4364-98A9-7D30BD7230FF}.Release|Any CPU.ActiveCfg = Release|Any CPU
		{08CA722F-98B3-4364-98A9-7D30BD7230FF}.Release|Any CPU.Build.0 = Release|Any CPU
	EndGlobalSection
	GlobalSection(SolutionProperties) = preSolution
		HideSolutionNode = FALSE
	EndGlobalSection
	GlobalSection(ExtensibilityGlobals) = postSolution
		SolutionGuid = {FFDD325B-6AFD-4FCD-AEC4-09EE8CECFD9E}
	EndGlobalSection
EndGlobal
